// !$*UTF8*$!
{
	archiveVersion = 1;
	classes = {
	};
	objectVersion = 50;
	objects = {

/* Begin PBXBuildFile section */
		22E5191522144A50006E011F /* main.m in Sources */ = {isa = PBXBuildFile; fileRef = 22E5191422144A50006E011F /* main.m */; };
		22E5191D22145627006E011F /* Car.m in Sources */ = {isa = PBXBuildFile; fileRef = 22E5191C22145627006E011F /* Car.m */; };
		22E519212215AB19006E011F /* Bicycle.m in Sources */ = {isa = PBXBuildFile; fileRef = 22E519202215AB19006E011F /* Bicycle.m */; };
		22E519242215AE08006E011F /* Car+Maintenance.m in Sources */ = {isa = PBXBuildFile; fileRef = 22E519232215AE08006E011F /* Car+Maintenance.m */; };
/* End PBXBuildFile section */

/* Begin PBXCopyFilesBuildPhase section */
		22E5190F22144A50006E011F /* CopyFiles */ = {
			isa = PBXCopyFilesBuildPhase;
			buildActionMask = 2147483647;
			dstPath = /usr/share/man/man1/;
			dstSubfolderSpec = 0;
			files = (
			);
			runOnlyForDeploymentPostprocessing = 1;
		};
/* End PBXCopyFilesBuildPhase section */

/* Begin PBXFileReference section */
		22E5191122144A50006E011F /* ObjcCmd */ = {isa = PBXFileReference; explicitFileType = "compiled.mach-o.executable"; includeInIndex = 0; path = ObjcCmd; sourceTree = BUILT_PRODUCTS_DIR; };
		22E5191422144A50006E011F /* main.m */ = {isa = PBXFileReference; lastKnownFileType = sourcecode.c.objc; path = main.m; sourceTree = "<group>"; };
		22E5191B22145627006E011F /* Car.h */ = {isa = PBXFileReference; lastKnownFileType = sourcecode.c.h; path = Car.h; sourceTree = "<group>"; };
		22E5191C22145627006E011F /* Car.m */ = {isa = PBXFileReference; lastKnownFileType = sourcecode.c.objc; path = Car.m; sourceTree = "<group>"; };
		22E5191E2215AA02006E011F /* StreetLegal.h */ = {isa = PBXFileReference; lastKnownFileType = sourcecode.c.h; path = StreetLegal.h; sourceTree = "<group>"; };
		22E5191F2215AB19006E011F /* Bicycle.h */ = {isa = PBXFileReference; lastKnownFileType = sourcecode.c.h; path = Bicycle.h; sourceTree = "<group>"; };
		22E519202215AB19006E011F /* Bicycle.m */ = {isa = PBXFileReference; lastKnownFileType = sourcecode.c.objc; path = Bicycle.m; sourceTree = "<group>"; };
		22E519222215AE08006E011F /* Car+Maintenance.h */ = {isa = PBXFileReference; lastKnownFileType = sourcecode.c.h; path = "Car+Maintenance.h"; sourceTree = "<group>"; };
		22E519232215AE08006E011F /* Car+Maintenance.m */ = {isa = PBXFileReference; lastKnownFileType = sourcecode.c.objc; path = "Car+Maintenance.m"; sourceTree = "<group>"; };
/* End PBXFileReference section */

/* Begin PBXFrameworksBuildPhase section */
		22E5190E22144A50006E011F /* Frameworks */ = {
			isa = PBXFrameworksBuildPhase;
			buildActionMask = 2147483647;
			files = (
			);
			runOnlyForDeploymentPostprocessing = 0;
		};
/* End PBXFrameworksBuildPhase section */

/* Begin PBXGroup section */
		22E5190822144A50006E011F = {
			isa = PBXGroup;
			children = (
				22E5191322144A50006E011F /* ObjCReview */,
				22E5191222144A50006E011F /* Products */,
			);
			sourceTree = "<group>";
		};
		22E5191222144A50006E011F /* Products */ = {
			isa = PBXGroup;
			children = (
				22E5191122144A50006E011F /* ObjcCmd */,
			);
			name = Products;
			sourceTree = "<group>";
		};
		22E5191322144A50006E011F /* ObjCReview */ = {
			isa = PBXGroup;
			children = (
				22E5191422144A50006E011F /* main.m */,
				22E519222215AE08006E011F /* Car+Maintenance.h */,
				22E519232215AE08006E011F /* Car+Maintenance.m */,
				22E5191E2215AA02006E011F /* StreetLegal.h */,
				22E5191B22145627006E011F /* Car.h */,
				22E5191C22145627006E011F /* Car.m */,
				22E5191F2215AB19006E011F /* Bicycle.h */,
				22E519202215AB19006E011F /* Bicycle.m */,
			);
			path = ObjCReview;
			sourceTree = "<group>";
		};
/* End PBXGroup section */

/* Begin PBXNativeTarget section */
		22E5191022144A50006E011F /* ObjcCmd */ = {
			isa = PBXNativeTarget;
			buildConfigurationList = 22E5191822144A50006E011F /* Build configuration list for PBXNativeTarget "ObjcCmd" */;
			buildPhases = (
				22E5190D22144A50006E011F /* Sources */,
				22E5190E22144A50006E011F /* Frameworks */,
				22E5190F22144A50006E011F /* CopyFiles */,
			);
			buildRules = (
			);
			dependencies = (
			);
			name = ObjcCmd;
			productName = ObjcCmd;
			productReference = 22E5191122144A50006E011F /* ObjcCmd */;
			productType = "com.apple.product-type.tool";
		};
/* End PBXNativeTarget section */

/* Begin PBXProject section */
		22E5190922144A50006E011F /* Project object */ = {
			isa = PBXProject;
			attributes = {
				LastUpgradeCheck = 1010;
				ORGANIZATIONNAME = Sam;
				TargetAttributes = {
					22E5191022144A50006E011F = {
						CreatedOnToolsVersion = 10.1;
					};
				};
			};
			buildConfigurationList = 22E5190C22144A50006E011F /* Build configuration list for PBXProject "ObjCReview" */;
			compatibilityVersion = "Xcode 9.3";
			developmentRegion = en;
			hasScannedForEncodings = 0;
			knownRegions = (
				en,
			);
			mainGroup = 22E5190822144A50006E011F;
			productRefGroup = 22E5191222144A50006E011F /* Products */;
			projectDirPath = "";
			projectRoot = "";
			targets = (
				22E5191022144A50006E011F /* ObjcCmd */,
			);
		};
/* End PBXProject section */

/* Begin PBXSourcesBuildPhase section */
		22E5190D22144A50006E011F /* Sources */ = {
			isa = PBXSourcesBuildPhase;
			buildActionMask = 2147483647;
			files = (
				22E519242215AE08006E011F /* Car+Maintenance.m in Sources */,
				22E5191D22145627006E011F /* Car.m in Sources */,
				22E519212215AB19006E011F /* Bicycle.m in Sources */,
				22E5191522144A50006E011F /* main.m in Sources */,
			);
			runOnlyForDeploymentPostprocessing = 0;
		};
/* End PBXSourcesBuildPhase section */

/* Begin XCBuildConfiguration section */
		22E5191622144A50006E011F /* Debug */ = {
			isa = XCBuildConfiguration;
			buildSettings = {
				ALWAYS_SEARCH_USER_PATHS = NO;
				CLANG_ANALYZER_NONNULL = YES;
				CLANG_ANALYZER_NUMBER_OBJECT_CONVERSION = YES_AGGRESSIVE;
				CLANG_CXX_LANGUAGE_STANDARD = "gnu++14";
				CLANG_CXX_LIBRARY = "libc++";
				CLANG_ENABLE_MODULES = YES;
				CLANG_ENABLE_OBJC_ARC = YES;
				CLANG_ENABLE_OBJC_WEAK = YES;
				CLANG_WARN_BLOCK_CAPTURE_AUTORELEASING = YES;
				CLANG_WARN_BOOL_CONVERSION = YES;
				CLANG_WARN_COMMA = YES;
				CLANG_WARN_CONSTANT_CONVERSION = YES;
				CLANG_WARN_DEPRECATED_OBJC_IMPLEMENTATIONS = YES;
				CLANG_WARN_DIRECT_OBJC_ISA_USAGE = YES_ERROR;
				CLANG_WARN_DOCUMENTATION_COMMENTS = YES;
				CLANG_WARN_EMPTY_BODY = YES;
				CLANG_WARN_ENUM_CONVERSION = YES;
				CLANG_WARN_INFINITE_RECURSION = YES;
				CLANG_WARN_INT_CONVERSION = YES;
				CLANG_WARN_NON_LITERAL_NULL_CONVERSION = YES;
				CLANG_WARN_OBJC_IMPLICIT_RETAIN_SELF = YES;
				CLANG_WARN_OBJC_LITERAL_CONVERSION = YES;
				CLANG_WARN_OBJC_ROOT_CLASS = YES_ERROR;
				CLANG_WARN_RANGE_LOOP_ANALYSIS = YES;
				CLANG_WARN_STRICT_PROTOTYPES = YES;
				CLANG_WARN_SUSPICIOUS_MOVE = YES;
				CLANG_WARN_UNGUARDED_AVAILABILITY = YES_AGGRESSIVE;
				CLANG_WARN_UNREACHABLE_CODE = YES;
				CLANG_WARN__DUPLICATE_METHOD_MATCH = YES;
				CODE_SIGN_IDENTITY = "Mac Developer";
				COPY_PHASE_STRIP = NO;
				DEBUG_INFORMATION_FORMAT = dwarf;
				ENABLE_STRICT_OBJC_MSGSEND = YES;
				ENABLE_TESTABILITY = YES;
				GCC_C_LANGUAGE_STANDARD = gnu11;
				GCC_DYNAMIC_NO_PIC = NO;
				GCC_NO_COMMON_BLOCKS = YES;
				GCC_OPTIMIZATION_LEVEL = 0;
				GCC_PREPROCESSOR_DEFINITIONS = (
					"DEBUG=1",
					"$(inherited)",
				);
				GCC_WARN_64_TO_32_BIT_CONVERSION = YES;
				GCC_WARN_ABOUT_RETURN_TYPE = YES_ERROR;
				GCC_WARN_UNDECLARED_SELECTOR = YES;
				GCC_WARN_UNINITIALIZED_AUTOS = YES_AGGRESSIVE;
				GCC_WARN_UNUSED_FUNCTION = YES;
				GCC_WARN_UNUSED_VARIABLE = YES;
				MACOSX_DEPLOYMENT_TARGET = 10.14;
				MTL_ENABLE_DEBUG_INFO = INCLUDE_SOURCE;
				MTL_FAST_MATH = YES;
				ONLY_ACTIVE_ARCH = YES;
				SDKROOT = macosx;
			};
			name = Debug;
		};
		22E5191722144A50006E011F /* Release */ = {
			isa = XCBuildConfiguration;
			buildSettings = {
				ALWAYS_SEARCH_USER_PATHS = NO;
				CLANG_ANALYZER_NONNULL = YES;
				CLANG_ANALYZER_NUMBER_OBJECT_CONVERSION = YES_AGGRESSIVE;
				CLANG_CXX_LANGUAGE_STANDARD = "gnu++14";
				CLANG_CXX_LIBRARY = "libc++";
				CLANG_ENABLE_MODULES = YES;
				CLANG_ENABLE_OBJC_ARC = YES;
				CLANG_ENABLE_OBJC_WEAK = YES;
				CLANG_WARN_BLOCK_CAPTURE_AUTORELEASING = YES;
				CLANG_WARN_BOOL_CONVERSION = YES;
				CLANG_WARN_COMMA = YES;
				CLANG_WARN_CONSTANT_CONVERSION = YES;
				CLANG_WARN_DEPRECATED_OBJC_IMPLEMENTATIONS = YES;
				CLANG_WARN_DIRECT_OBJC_ISA_USAGE = YES_ERROR;
				CLANG_WARN_DOCUMENTATION_COMMENTS = YES;
				CLANG_WARN_EMPTY_BODY = YES;
				CLANG_WARN_ENUM_CONVERSION = YES;
				CLANG_WARN_INFINITE_RECURSION = YES;
				CLANG_WARN_INT_CONVERSION = YES;
				CLANG_WARN_NON_LITERAL_NULL_CONVERSION = YES;
				CLANG_WARN_OBJC_IMPLICIT_RETAIN_SELF = YES;
				CLANG_WARN_OBJC_LITERAL_CONVERSION = YES;
				CLANG_WARN_OBJC_ROOT_CLASS = YES_ERROR;
				CLANG_WARN_RANGE_LOOP_ANALYSIS = YES;
				CLANG_WARN_STRICT_PROTOTYPES = YES;
				CLANG_WARN_SUSPICIOUS_MOVE = YES;
				CLANG_WARN_UNGUARDED_AVAILABILITY = YES_AGGRESSIVE;
				CLANG_WARN_UNREACHABLE_CODE = YES;
				CLANG_WARN__DUPLICATE_METHOD_MATCH = YES;
				CODE_SIGN_IDENTITY = "Mac Developer";
				COPY_PHASE_STRIP = NO;
				DEBUG_INFORMATION_FORMAT = "dwarf-with-dsym";
				ENABLE_NS_ASSERTIONS = NO;
				ENABLE_STRICT_OBJC_MSGSEND = YES;
				GCC_C_LANGUAGE_STANDARD = gnu11;
				GCC_NO_COMMON_BLOCKS = YES;
				GCC_WARN_64_TO_32_BIT_CONVERSION = YES;
				GCC_WARN_ABOUT_RETURN_TYPE = YES_ERROR;
				GCC_WARN_UNDECLARED_SELECTOR = YES;
				GCC_WARN_UNINITIALIZED_AUTOS = YES_AGGRESSIVE;
				GCC_WARN_UNUSED_FUNCTION = YES;
				GCC_WARN_UNUSED_VARIABLE = YES;
				MACOSX_DEPLOYMENT_TARGET = 10.14;
				MTL_ENABLE_DEBUG_INFO = NO;
				MTL_FAST_MATH = YES;
				SDKROOT = macosx;
			};
			name = Release;
		};
		22E5191922144A50006E011F /* Debug */ = {
			isa = XCBuildConfiguration;
			buildSettings = {
				CODE_SIGN_STYLE = Automatic;
				DEVELOPMENT_TEAM = UM6YY2PK47;
				PRODUCT_NAME = "$(TARGET_NAME)";
			};
			name = Debug;
		};
		22E5191A22144A50006E011F /* Release */ = {
			isa = XCBuildConfiguration;
			buildSettings = {
				CODE_SIGN_STYLE = Automatic;
				DEVELOPMENT_TEAM = UM6YY2PK47;
				PRODUCT_NAME = "$(TARGET_NAME)";
			};
			name = Release;
		};
/* End XCBuildConfiguration section */

/* Begin XCConfigurationList section */
		22E5190C22144A50006E011F /* Build configuration list for PBXProject "ObjCReview" */ = {
			isa = XCConfigurationList;
			buildConfigurations = (
				22E5191622144A50006E011F /* Debug */,
				22E5191722144A50006E011F /* Release */,
			);
			defaultConfigurationIsVisible = 0;
			defaultConfigurationName = Release;
		};
		22E5191822144A50006E011F /* Build configuration list for PBXNativeTarget "ObjcCmd" */ = {
			isa = XCConfigurationList;
			buildConfigurations = (
				22E5191922144A50006E011F /* Debug */,
				22E5191A22144A50006E011F /* Release */,
			);
			defaultConfigurationIsVisible = 0;
			defaultConfigurationName = Release;
		};
/* End XCConfigurationList section */
	};
	rootObject = 22E5190922144A50006E011F /* Project object */;
}
